
Microsoft Visual Studio Solution File, Format Version 12.00
# Visual Studio 15
VisualStudioVersion = 15.0.26124.0
MinimumVisualStudioVersion = 15.0.26124.0
Project("{FAE04EC0-301F-11D3-BF4B-00C04F79EFBC}") = "Receive", "Receive\Receive.csproj", "{E65287A1-EFFF-4EC6-B8EF-AEEA7750A480}"
EndProject
Project("{FAE04EC0-301F-11D3-BF4B-00C04F79EFBC}") = "Send", "Send\Send.csproj", "{E79159CA-54B0-454F-AAC1-2B378B788068}"
EndProject
Global
	GlobalSection(SolutionConfigurationPlatforms) = preSolution
		Debug|Any CPU = Debug|Any CPU
		Debug|x64 = Debug|x64
		Debug|x86 = Debug|x86
		Release|Any CPU = Release|Any CPU
		Release|x64 = Release|x64
		Release|x86 = Release|x86
	EndGlobalSection
	GlobalSection(SolutionProperties) = preSolution
		HideSolutionNode = FALSE
	EndGlobalSection
	GlobalSection(ProjectConfigurationPlatforms) = postSolution
		{E65287A1-EFFF-4EC6-B8EF-AEEA7750A480}.Debug|Any CPU.ActiveCfg = Debug|Any CPU
		{E65287A1-EFFF-4EC6-B8EF-AEEA7750A480}.Debug|Any CPU.Build.0 = Debug|Any CPU
		{E65287A1-EFFF-4EC6-B8EF-AEEA7750A480}.Debug|x64.ActiveCfg = Debug|x64
		{E65287A1-EFFF-4EC6-B8EF-AEEA7750A480}.Debug|x64.Build.0 = Debug|x64
		{E65287A1-EFFF-4EC6-B8EF-AEEA7750A480}.Debug|x86.ActiveCfg = Debug|x86
		{E65287A1-EFFF-4EC6-B8EF-AEEA7750A480}.Debug|x86.Build.0 = Debug|x86
		{E65287A1-EFFF-4EC6-B8EF-AEEA7750A480}.Release|Any CPU.ActiveCfg = Release|Any CPU
		{E65287A1-EFFF-4EC6-B8EF-AEEA7750A480}.Release|Any CPU.Build.0 = Release|Any CPU
		{E65287A1-EFFF-4EC6-B8EF-AEEA7750A480}.Release|x64.ActiveCfg = Release|x64
		{E65287A1-EFFF-4EC6-B8EF-AEEA7750A480}.Release|x64.Build.0 = Release|x64
		{E65287A1-EFFF-4EC6-B8EF-AEEA7750A480}.Release|x86.ActiveCfg = Release|x86
		{E65287A1-EFFF-4EC6-B8EF-AEEA7750A480}.Release|x86.Build.0 = Release|x86
		{E79159CA-54B0-454F-AAC1-2B378B788068}.Debug|Any CPU.ActiveCfg = Debug|Any CPU
		{E79159CA-54B0-454F-AAC1-2B378B788068}.Debug|Any CPU.Build.0 = Debug|Any CPU
		{E79159CA-54B0-454F-AAC1-2B378B788068}.Debug|x64.ActiveCfg = Debug|x64
		{E79159CA-54B0-454F-AAC1-2B378B788068}.Debug|x64.Build.0 = Debug|x64
		{E79159CA-54B0-454F-AAC1-2B378B788068}.Debug|x86.ActiveCfg = Debug|x86
		{E79159CA-54B0-454F-AAC1-2B378B788068}.Debug|x86.Build.0 = Debug|x86
		{E79159CA-54B0-454F-AAC1-2B378B788068}.Release|Any CPU.ActiveCfg = Release|Any CPU
		{E79159CA-54B0-454F-AAC1-2B378B788068}.Release|Any CPU.Build.0 = Release|Any CPU
		{E79159CA-54B0-454F-AAC1-2B378B788068}.Release|x64.ActiveCfg = Release|x64
		{E79159CA-54B0-454F-AAC1-2B378B788068}.Release|x64.Build.0 = Release|x64
		{E79159CA-54B0-454F-AAC1-2B378B788068}.Release|x86.ActiveCfg = Release|x86
		{E79159CA-54B0-454F-AAC1-2B378B788068}.Release|x86.Build.0 = Release|x86
	EndGlobalSection
EndGlobal
