
Microsoft Visual Studio Solution File, Format Version 12.00
# Visual Studio 15
VisualStudioVersion = 15.0.26124.0
MinimumVisualStudioVersion = 15.0.26124.0
Project("{FAE04EC0-301F-11D3-BF4B-00C04F79EFBC}") = "Receive", "Receive\Receive.csproj", "{E65287A1-EFFF-4EC6-B8EF-AEEA7750A480}"
EndProject
Project("{FAE04EC0-301F-11D3-BF4B-00C04F79EFBC}") = "Send", "Send\Send.csproj", "{E79159CA-54B0-454F-AAC1-2B378B788068}"
EndProject
Project("{FAE04EC0-301F-11D3-BF4B-00C04F79EFBC}") = "NewTask", "NewTask\NewTask.csproj", "{024E5DAC-9C39-4B18-82D0-271EDE835783}"
EndProject
Project("{FAE04EC0-301F-11D3-BF4B-00C04F79EFBC}") = "Worker", "Worker\Worker.csproj", "{96D5A577-2B9B-4092-898B-9508EBB090FB}"
EndProject
Project("{FAE04EC0-301F-11D3-BF4B-00C04F79EFBC}") = "EmitLogs", "EmitLogs\EmitLogs.csproj", "{1B39D746-8294-4F8E-B00F-CAF4F8BDBB7F}"
EndProject
Project("{FAE04EC0-301F-11D3-BF4B-00C04F79EFBC}") = "ReceiveLogs", "ReceiveLogs\ReceiveLogs.csproj", "{C8BF4AB8-F299-4BED-94EA-C189EF441E61}"
EndProject
Project("{FAE04EC0-301F-11D3-BF4B-00C04F79EFBC}") = "EmitLogDirect", "EmitLogDirect\EmitLogDirect.csproj", "{7F31D44C-0049-4DB2-A89B-D1381C2A3F64}"
EndProject
Project("{FAE04EC0-301F-11D3-BF4B-00C04F79EFBC}") = "ReceiveLogsDirect", "ReceiveLogsDirect\ReceiveLogsDirect.csproj", "{DFAEFAC0-0DF4-4C35-A0F0-3751F29B43AE}"
EndProject
Project("{FAE04EC0-301F-11D3-BF4B-00C04F79EFBC}") = "EmitLogTopic", "EmitLogTopic\EmitLogTopic.csproj", "{706471C4-6136-4CB1-B4A4-DF12588A1F39}"
EndProject
Project("{FAE04EC0-301F-11D3-BF4B-00C04F79EFBC}") = "ReceiveLogsTopic", "ReceiveLogsTopic\ReceiveLogsTopic.csproj", "{24F74C04-7A38-47E1-9D3E-AC585BA261FB}"
EndProject
Global
	GlobalSection(SolutionConfigurationPlatforms) = preSolution
		Debug|Any CPU = Debug|Any CPU
		Debug|x64 = Debug|x64
		Debug|x86 = Debug|x86
		Release|Any CPU = Release|Any CPU
		Release|x64 = Release|x64
		Release|x86 = Release|x86
	EndGlobalSection
	GlobalSection(SolutionProperties) = preSolution
		HideSolutionNode = FALSE
	EndGlobalSection
	GlobalSection(ProjectConfigurationPlatforms) = postSolution
		{E65287A1-EFFF-4EC6-B8EF-AEEA7750A480}.Debug|Any CPU.ActiveCfg = Debug|Any CPU
		{E65287A1-EFFF-4EC6-B8EF-AEEA7750A480}.Debug|Any CPU.Build.0 = Debug|Any CPU
		{E65287A1-EFFF-4EC6-B8EF-AEEA7750A480}.Debug|x64.ActiveCfg = Debug|x64
		{E65287A1-EFFF-4EC6-B8EF-AEEA7750A480}.Debug|x64.Build.0 = Debug|x64
		{E65287A1-EFFF-4EC6-B8EF-AEEA7750A480}.Debug|x86.ActiveCfg = Debug|x86
		{E65287A1-EFFF-4EC6-B8EF-AEEA7750A480}.Debug|x86.Build.0 = Debug|x86
		{E65287A1-EFFF-4EC6-B8EF-AEEA7750A480}.Release|Any CPU.ActiveCfg = Release|Any CPU
		{E65287A1-EFFF-4EC6-B8EF-AEEA7750A480}.Release|Any CPU.Build.0 = Release|Any CPU
		{E65287A1-EFFF-4EC6-B8EF-AEEA7750A480}.Release|x64.ActiveCfg = Release|x64
		{E65287A1-EFFF-4EC6-B8EF-AEEA7750A480}.Release|x64.Build.0 = Release|x64
		{E65287A1-EFFF-4EC6-B8EF-AEEA7750A480}.Release|x86.ActiveCfg = Release|x86
		{E65287A1-EFFF-4EC6-B8EF-AEEA7750A480}.Release|x86.Build.0 = Release|x86
		{E79159CA-54B0-454F-AAC1-2B378B788068}.Debug|Any CPU.ActiveCfg = Debug|Any CPU
		{E79159CA-54B0-454F-AAC1-2B378B788068}.Debug|Any CPU.Build.0 = Debug|Any CPU
		{E79159CA-54B0-454F-AAC1-2B378B788068}.Debug|x64.ActiveCfg = Debug|x64
		{E79159CA-54B0-454F-AAC1-2B378B788068}.Debug|x64.Build.0 = Debug|x64
		{E79159CA-54B0-454F-AAC1-2B378B788068}.Debug|x86.ActiveCfg = Debug|x86
		{E79159CA-54B0-454F-AAC1-2B378B788068}.Debug|x86.Build.0 = Debug|x86
		{E79159CA-54B0-454F-AAC1-2B378B788068}.Release|Any CPU.ActiveCfg = Release|Any CPU
		{E79159CA-54B0-454F-AAC1-2B378B788068}.Release|Any CPU.Build.0 = Release|Any CPU
		{E79159CA-54B0-454F-AAC1-2B378B788068}.Release|x64.ActiveCfg = Release|x64
		{E79159CA-54B0-454F-AAC1-2B378B788068}.Release|x64.Build.0 = Release|x64
		{E79159CA-54B0-454F-AAC1-2B378B788068}.Release|x86.ActiveCfg = Release|x86
		{E79159CA-54B0-454F-AAC1-2B378B788068}.Release|x86.Build.0 = Release|x86
		{024E5DAC-9C39-4B18-82D0-271EDE835783}.Debug|Any CPU.ActiveCfg = Debug|Any CPU
		{024E5DAC-9C39-4B18-82D0-271EDE835783}.Debug|Any CPU.Build.0 = Debug|Any CPU
		{024E5DAC-9C39-4B18-82D0-271EDE835783}.Debug|x64.ActiveCfg = Debug|x64
		{024E5DAC-9C39-4B18-82D0-271EDE835783}.Debug|x64.Build.0 = Debug|x64
		{024E5DAC-9C39-4B18-82D0-271EDE835783}.Debug|x86.ActiveCfg = Debug|x86
		{024E5DAC-9C39-4B18-82D0-271EDE835783}.Debug|x86.Build.0 = Debug|x86
		{024E5DAC-9C39-4B18-82D0-271EDE835783}.Release|Any CPU.ActiveCfg = Release|Any CPU
		{024E5DAC-9C39-4B18-82D0-271EDE835783}.Release|Any CPU.Build.0 = Release|Any CPU
		{024E5DAC-9C39-4B18-82D0-271EDE835783}.Release|x64.ActiveCfg = Release|x64
		{024E5DAC-9C39-4B18-82D0-271EDE835783}.Release|x64.Build.0 = Release|x64
		{024E5DAC-9C39-4B18-82D0-271EDE835783}.Release|x86.ActiveCfg = Release|x86
		{024E5DAC-9C39-4B18-82D0-271EDE835783}.Release|x86.Build.0 = Release|x86
		{96D5A577-2B9B-4092-898B-9508EBB090FB}.Debug|Any CPU.ActiveCfg = Debug|Any CPU
		{96D5A577-2B9B-4092-898B-9508EBB090FB}.Debug|Any CPU.Build.0 = Debug|Any CPU
		{96D5A577-2B9B-4092-898B-9508EBB090FB}.Debug|x64.ActiveCfg = Debug|x64
		{96D5A577-2B9B-4092-898B-9508EBB090FB}.Debug|x64.Build.0 = Debug|x64
		{96D5A577-2B9B-4092-898B-9508EBB090FB}.Debug|x86.ActiveCfg = Debug|x86
		{96D5A577-2B9B-4092-898B-9508EBB090FB}.Debug|x86.Build.0 = Debug|x86
		{96D5A577-2B9B-4092-898B-9508EBB090FB}.Release|Any CPU.ActiveCfg = Release|Any CPU
		{96D5A577-2B9B-4092-898B-9508EBB090FB}.Release|Any CPU.Build.0 = Release|Any CPU
		{96D5A577-2B9B-4092-898B-9508EBB090FB}.Release|x64.ActiveCfg = Release|x64
		{96D5A577-2B9B-4092-898B-9508EBB090FB}.Release|x64.Build.0 = Release|x64
		{96D5A577-2B9B-4092-898B-9508EBB090FB}.Release|x86.ActiveCfg = Release|x86
		{96D5A577-2B9B-4092-898B-9508EBB090FB}.Release|x86.Build.0 = Release|x86
		{1B39D746-8294-4F8E-B00F-CAF4F8BDBB7F}.Debug|Any CPU.ActiveCfg = Debug|Any CPU
		{1B39D746-8294-4F8E-B00F-CAF4F8BDBB7F}.Debug|Any CPU.Build.0 = Debug|Any CPU
		{1B39D746-8294-4F8E-B00F-CAF4F8BDBB7F}.Debug|x64.ActiveCfg = Debug|x64
		{1B39D746-8294-4F8E-B00F-CAF4F8BDBB7F}.Debug|x64.Build.0 = Debug|x64
		{1B39D746-8294-4F8E-B00F-CAF4F8BDBB7F}.Debug|x86.ActiveCfg = Debug|x86
		{1B39D746-8294-4F8E-B00F-CAF4F8BDBB7F}.Debug|x86.Build.0 = Debug|x86
		{1B39D746-8294-4F8E-B00F-CAF4F8BDBB7F}.Release|Any CPU.ActiveCfg = Release|Any CPU
		{1B39D746-8294-4F8E-B00F-CAF4F8BDBB7F}.Release|Any CPU.Build.0 = Release|Any CPU
		{1B39D746-8294-4F8E-B00F-CAF4F8BDBB7F}.Release|x64.ActiveCfg = Release|x64
		{1B39D746-8294-4F8E-B00F-CAF4F8BDBB7F}.Release|x64.Build.0 = Release|x64
		{1B39D746-8294-4F8E-B00F-CAF4F8BDBB7F}.Release|x86.ActiveCfg = Release|x86
		{1B39D746-8294-4F8E-B00F-CAF4F8BDBB7F}.Release|x86.Build.0 = Release|x86
		{C8BF4AB8-F299-4BED-94EA-C189EF441E61}.Debug|Any CPU.ActiveCfg = Debug|Any CPU
		{C8BF4AB8-F299-4BED-94EA-C189EF441E61}.Debug|Any CPU.Build.0 = Debug|Any CPU
		{C8BF4AB8-F299-4BED-94EA-C189EF441E61}.Debug|x64.ActiveCfg = Debug|x64
		{C8BF4AB8-F299-4BED-94EA-C189EF441E61}.Debug|x64.Build.0 = Debug|x64
		{C8BF4AB8-F299-4BED-94EA-C189EF441E61}.Debug|x86.ActiveCfg = Debug|x86
		{C8BF4AB8-F299-4BED-94EA-C189EF441E61}.Debug|x86.Build.0 = Debug|x86
		{C8BF4AB8-F299-4BED-94EA-C189EF441E61}.Release|Any CPU.ActiveCfg = Release|Any CPU
		{C8BF4AB8-F299-4BED-94EA-C189EF441E61}.Release|Any CPU.Build.0 = Release|Any CPU
		{C8BF4AB8-F299-4BED-94EA-C189EF441E61}.Release|x64.ActiveCfg = Release|x64
		{C8BF4AB8-F299-4BED-94EA-C189EF441E61}.Release|x64.Build.0 = Release|x64
		{C8BF4AB8-F299-4BED-94EA-C189EF441E61}.Release|x86.ActiveCfg = Release|x86
		{C8BF4AB8-F299-4BED-94EA-C189EF441E61}.Release|x86.Build.0 = Release|x86
		{7F31D44C-0049-4DB2-A89B-D1381C2A3F64}.Debug|Any CPU.ActiveCfg = Debug|Any CPU
		{7F31D44C-0049-4DB2-A89B-D1381C2A3F64}.Debug|Any CPU.Build.0 = Debug|Any CPU
		{7F31D44C-0049-4DB2-A89B-D1381C2A3F64}.Debug|x64.ActiveCfg = Debug|x64
		{7F31D44C-0049-4DB2-A89B-D1381C2A3F64}.Debug|x64.Build.0 = Debug|x64
		{7F31D44C-0049-4DB2-A89B-D1381C2A3F64}.Debug|x86.ActiveCfg = Debug|x86
		{7F31D44C-0049-4DB2-A89B-D1381C2A3F64}.Debug|x86.Build.0 = Debug|x86
		{7F31D44C-0049-4DB2-A89B-D1381C2A3F64}.Release|Any CPU.ActiveCfg = Release|Any CPU
		{7F31D44C-0049-4DB2-A89B-D1381C2A3F64}.Release|Any CPU.Build.0 = Release|Any CPU
		{7F31D44C-0049-4DB2-A89B-D1381C2A3F64}.Release|x64.ActiveCfg = Release|x64
		{7F31D44C-0049-4DB2-A89B-D1381C2A3F64}.Release|x64.Build.0 = Release|x64
		{7F31D44C-0049-4DB2-A89B-D1381C2A3F64}.Release|x86.ActiveCfg = Release|x86
		{7F31D44C-0049-4DB2-A89B-D1381C2A3F64}.Release|x86.Build.0 = Release|x86
		{DFAEFAC0-0DF4-4C35-A0F0-3751F29B43AE}.Debug|Any CPU.ActiveCfg = Debug|Any CPU
		{DFAEFAC0-0DF4-4C35-A0F0-3751F29B43AE}.Debug|Any CPU.Build.0 = Debug|Any CPU
		{DFAEFAC0-0DF4-4C35-A0F0-3751F29B43AE}.Debug|x64.ActiveCfg = Debug|x64
		{DFAEFAC0-0DF4-4C35-A0F0-3751F29B43AE}.Debug|x64.Build.0 = Debug|x64
		{DFAEFAC0-0DF4-4C35-A0F0-3751F29B43AE}.Debug|x86.ActiveCfg = Debug|x86
		{DFAEFAC0-0DF4-4C35-A0F0-3751F29B43AE}.Debug|x86.Build.0 = Debug|x86
		{DFAEFAC0-0DF4-4C35-A0F0-3751F29B43AE}.Release|Any CPU.ActiveCfg = Release|Any CPU
		{DFAEFAC0-0DF4-4C35-A0F0-3751F29B43AE}.Release|Any CPU.Build.0 = Release|Any CPU
		{DFAEFAC0-0DF4-4C35-A0F0-3751F29B43AE}.Release|x64.ActiveCfg = Release|x64
		{DFAEFAC0-0DF4-4C35-A0F0-3751F29B43AE}.Release|x64.Build.0 = Release|x64
		{DFAEFAC0-0DF4-4C35-A0F0-3751F29B43AE}.Release|x86.ActiveCfg = Release|x86
		{DFAEFAC0-0DF4-4C35-A0F0-3751F29B43AE}.Release|x86.Build.0 = Release|x86
		{706471C4-6136-4CB1-B4A4-DF12588A1F39}.Debug|Any CPU.ActiveCfg = Debug|Any CPU
		{706471C4-6136-4CB1-B4A4-DF12588A1F39}.Debug|Any CPU.Build.0 = Debug|Any CPU
		{706471C4-6136-4CB1-B4A4-DF12588A1F39}.Debug|x64.ActiveCfg = Debug|x64
		{706471C4-6136-4CB1-B4A4-DF12588A1F39}.Debug|x64.Build.0 = Debug|x64
		{706471C4-6136-4CB1-B4A4-DF12588A1F39}.Debug|x86.ActiveCfg = Debug|x86
		{706471C4-6136-4CB1-B4A4-DF12588A1F39}.Debug|x86.Build.0 = Debug|x86
		{706471C4-6136-4CB1-B4A4-DF12588A1F39}.Release|Any CPU.ActiveCfg = Release|Any CPU
		{706471C4-6136-4CB1-B4A4-DF12588A1F39}.Release|Any CPU.Build.0 = Release|Any CPU
		{706471C4-6136-4CB1-B4A4-DF12588A1F39}.Release|x64.ActiveCfg = Release|x64
		{706471C4-6136-4CB1-B4A4-DF12588A1F39}.Release|x64.Build.0 = Release|x64
		{706471C4-6136-4CB1-B4A4-DF12588A1F39}.Release|x86.ActiveCfg = Release|x86
		{706471C4-6136-4CB1-B4A4-DF12588A1F39}.Release|x86.Build.0 = Release|x86
		{24F74C04-7A38-47E1-9D3E-AC585BA261FB}.Debug|Any CPU.ActiveCfg = Debug|Any CPU
		{24F74C04-7A38-47E1-9D3E-AC585BA261FB}.Debug|Any CPU.Build.0 = Debug|Any CPU
		{24F74C04-7A38-47E1-9D3E-AC585BA261FB}.Debug|x64.ActiveCfg = Debug|x64
		{24F74C04-7A38-47E1-9D3E-AC585BA261FB}.Debug|x64.Build.0 = Debug|x64
		{24F74C04-7A38-47E1-9D3E-AC585BA261FB}.Debug|x86.ActiveCfg = Debug|x86
		{24F74C04-7A38-47E1-9D3E-AC585BA261FB}.Debug|x86.Build.0 = Debug|x86
		{24F74C04-7A38-47E1-9D3E-AC585BA261FB}.Release|Any CPU.ActiveCfg = Release|Any CPU
		{24F74C04-7A38-47E1-9D3E-AC585BA261FB}.Release|Any CPU.Build.0 = Release|Any CPU
		{24F74C04-7A38-47E1-9D3E-AC585BA261FB}.Release|x64.ActiveCfg = Release|x64
		{24F74C04-7A38-47E1-9D3E-AC585BA261FB}.Release|x64.Build.0 = Release|x64
		{24F74C04-7A38-47E1-9D3E-AC585BA261FB}.Release|x86.ActiveCfg = Release|x86
		{24F74C04-7A38-47E1-9D3E-AC585BA261FB}.Release|x86.Build.0 = Release|x86
	EndGlobalSection
EndGlobal
